
Microsoft Visual Studio Solution File, Format Version 12.00
# Visual Studio Version 17
VisualStudioVersion = 17.1.32210.238
MinimumVisualStudioVersion = 10.0.40219.1
Project("{2150E333-8FDC-42A3-9474-1A3956D46DE8}") = "BuildItems", "BuildItems", "{107790B5-FF93-4954-98EC-F24AABDABC9F}"
	ProjectSection(SolutionItems) = preProject
		BuildItems\AssemblyInfo.Build.props = BuildItems\AssemblyInfo.Build.props
		BuildItems\NativeAOT.Build.props = BuildItems\NativeAOT.Build.props
		BuildItems\NoReflection.Build.props = BuildItems\NoReflection.Build.props
		BuildItems\NuGetPack.Build.props = BuildItems\NuGetPack.Build.props
		BuildItems\RefUnsafe.Build.props = BuildItems\RefUnsafe.Build.props
		BuildItems\RefWinSID.Build.props = BuildItems\RefWinSID.Build.props
		BuildItems\Trimming.Build.props = BuildItems\Trimming.Build.props
	EndProjectSection
EndProject
Project("{2150E333-8FDC-42A3-9474-1A3956D46DE8}") = "Configurations", "Configurations", "{80D67636-BFAE-4A5C-8A3C-B1DFFDD7DF5F}"
	ProjectSection(SolutionItems) = preProject
		.gitattributes = .gitattributes
		.gitignore = .gitignore
	EndProjectSection
EndProject
Project("{2150E333-8FDC-42A3-9474-1A3956D46DE8}") = "RepositoryItems", "RepositoryItems", "{E5EB63AF-8614-46D8-8321-56AE5074E5BB}"
	ProjectSection(SolutionItems) = preProject
		LICENSE.txt = LICENSE.txt
		README.md = README.md
		README.zh-CN.md = README.zh-CN.md
	EndProjectSection
EndProject
Project("{2150E333-8FDC-42A3-9474-1A3956D46DE8}") = "SolutionItems", "SolutionItems", "{AB130DB6-5EBC-4512-A8DF-9EBCA841C71F}"
	ProjectSection(SolutionItems) = preProject
		GuidGenerator.snk = GuidGenerator.snk
	EndProjectSection
EndProject
Project("{9A19103F-16F7-4668-BE54-9A1E7A4F7556}") = "XstarS.GuidGenerators", "XstarS.GuidGenerators\XstarS.GuidGenerators.csproj", "{541B3733-22F3-4AEE-8ED3-5B29E6DEF7A4}"
EndProject
Project("{9A19103F-16F7-4668-BE54-9A1E7A4F7556}") = "XstarS.GuidGenLib.UnitTests", "XstarS.GuidGenLib.UnitTests\XstarS.GuidGenLib.UnitTests.csproj", "{95FB1B1F-AC1C-457A-87A3-D862ACF7DE8E}"
EndProject
Project("{9A19103F-16F7-4668-BE54-9A1E7A4F7556}") = "XstarS.GuidGen.CLI", "XstarS.GuidGen.CLI\XstarS.GuidGen.CLI.csproj", "{2097E604-3A0E-4BD1-8805-B708357DB5F7}"
EndProject
Project("{9A19103F-16F7-4668-BE54-9A1E7A4F7556}") = "XstarS.GuidGenLib.Benchmarks", "XstarS.GuidGenLib.Benchmarks\XstarS.GuidGenLib.Benchmarks.csproj", "{E9FD2D6C-AD2A-420B-9C74-B71C789CDF82}"
EndProject
Project("{6EC3EE1D-3C4E-46DD-8F32-0CC8E7565705}") = "XstarS.GuidModule", "XstarS.GuidModule\XstarS.GuidModule.fsproj", "{CC7C8A43-24F6-4710-8CA0-412BDF5DB3B2}"
EndProject
Project("{6EC3EE1D-3C4E-46DD-8F32-0CC8E7565705}") = "XstarS.GuidModule.UnitTests", "XstarS.GuidModule.UnitTests\XstarS.GuidModule.UnitTests.fsproj", "{AF229643-0A49-482C-B559-BDD4D844FDFF}"
EndProject
Project("{9A19103F-16F7-4668-BE54-9A1E7A4F7556}") = "XstarS.GuidGen.Service", "XstarS.GuidGen.Service\XstarS.GuidGen.Service.csproj", "{FC8F27AE-5BC7-47F6-AA75-249B401CD060}"
EndProject
Project("{9A19103F-16F7-4668-BE54-9A1E7A4F7556}") = "XstarS.GuidGen.NativeLib", "XstarS.GuidGen.NativeLib\XstarS.GuidGen.NativeLib.csproj", "{90EA0674-1BE2-4D2C-8E46-636361E43EE6}"
EndProject
Global
	GlobalSection(SolutionConfigurationPlatforms) = preSolution
		Debug|Any CPU = Debug|Any CPU
		Release|Any CPU = Release|Any CPU
	EndGlobalSection
	GlobalSection(ProjectConfigurationPlatforms) = postSolution
		{541B3733-22F3-4AEE-8ED3-5B29E6DEF7A4}.Debug|Any CPU.ActiveCfg = Debug|Any CPU
		{541B3733-22F3-4AEE-8ED3-5B29E6DEF7A4}.Debug|Any CPU.Build.0 = Debug|Any CPU
		{541B3733-22F3-4AEE-8ED3-5B29E6DEF7A4}.Release|Any CPU.ActiveCfg = Release|Any CPU
		{541B3733-22F3-4AEE-8ED3-5B29E6DEF7A4}.Release|Any CPU.Build.0 = Release|Any CPU
		{95FB1B1F-AC1C-457A-87A3-D862ACF7DE8E}.Debug|Any CPU.ActiveCfg = Debug|Any CPU
		{95FB1B1F-AC1C-457A-87A3-D862ACF7DE8E}.Debug|Any CPU.Build.0 = Debug|Any CPU
		{95FB1B1F-AC1C-457A-87A3-D862ACF7DE8E}.Release|Any CPU.ActiveCfg = Release|Any CPU
		{95FB1B1F-AC1C-457A-87A3-D862ACF7DE8E}.Release|Any CPU.Build.0 = Release|Any CPU
		{2097E604-3A0E-4BD1-8805-B708357DB5F7}.Debug|Any CPU.ActiveCfg = Debug|Any CPU
		{2097E604-3A0E-4BD1-8805-B708357DB5F7}.Debug|Any CPU.Build.0 = Debug|Any CPU
		{2097E604-3A0E-4BD1-8805-B708357DB5F7}.Release|Any CPU.ActiveCfg = Release|Any CPU
		{2097E604-3A0E-4BD1-8805-B708357DB5F7}.Release|Any CPU.Build.0 = Release|Any CPU
		{E9FD2D6C-AD2A-420B-9C74-B71C789CDF82}.Debug|Any CPU.ActiveCfg = Debug|Any CPU
		{E9FD2D6C-AD2A-420B-9C74-B71C789CDF82}.Debug|Any CPU.Build.0 = Debug|Any CPU
		{E9FD2D6C-AD2A-420B-9C74-B71C789CDF82}.Release|Any CPU.ActiveCfg = Release|Any CPU
		{E9FD2D6C-AD2A-420B-9C74-B71C789CDF82}.Release|Any CPU.Build.0 = Release|Any CPU
		{CC7C8A43-24F6-4710-8CA0-412BDF5DB3B2}.Debug|Any CPU.ActiveCfg = Debug|Any CPU
		{CC7C8A43-24F6-4710-8CA0-412BDF5DB3B2}.Debug|Any CPU.Build.0 = Debug|Any CPU
		{CC7C8A43-24F6-4710-8CA0-412BDF5DB3B2}.Release|Any CPU.ActiveCfg = Release|Any CPU
		{CC7C8A43-24F6-4710-8CA0-412BDF5DB3B2}.Release|Any CPU.Build.0 = Release|Any CPU
		{AF229643-0A49-482C-B559-BDD4D844FDFF}.Debug|Any CPU.ActiveCfg = Debug|Any CPU
		{AF229643-0A49-482C-B559-BDD4D844FDFF}.Debug|Any CPU.Build.0 = Debug|Any CPU
		{AF229643-0A49-482C-B559-BDD4D844FDFF}.Release|Any CPU.ActiveCfg = Release|Any CPU
		{AF229643-0A49-482C-B559-BDD4D844FDFF}.Release|Any CPU.Build.0 = Release|Any CPU
		{FC8F27AE-5BC7-47F6-AA75-249B401CD060}.Debug|Any CPU.ActiveCfg = Debug|Any CPU
		{FC8F27AE-5BC7-47F6-AA75-249B401CD060}.Debug|Any CPU.Build.0 = Debug|Any CPU
		{FC8F27AE-5BC7-47F6-AA75-249B401CD060}.Release|Any CPU.ActiveCfg = Release|Any CPU
		{FC8F27AE-5BC7-47F6-AA75-249B401CD060}.Release|Any CPU.Build.0 = Release|Any CPU
		{90EA0674-1BE2-4D2C-8E46-636361E43EE6}.Debug|Any CPU.ActiveCfg = Debug|Any CPU
		{90EA0674-1BE2-4D2C-8E46-636361E43EE6}.Debug|Any CPU.Build.0 = Debug|Any CPU
		{90EA0674-1BE2-4D2C-8E46-636361E43EE6}.Release|Any CPU.ActiveCfg = Release|Any CPU
		{90EA0674-1BE2-4D2C-8E46-636361E43EE6}.Release|Any CPU.Build.0 = Release|Any CPU
	EndGlobalSection
	GlobalSection(SolutionProperties) = preSolution
		HideSolutionNode = FALSE
	EndGlobalSection
	GlobalSection(ExtensibilityGlobals) = postSolution
		SolutionGuid = {87817B98-CF33-4116-9CCE-F92E4AAA6C18}
	EndGlobalSection
EndGlobal
